
Microsoft Visual Studio Solution File, Format Version 12.00
# Visual Studio 14
VisualStudioVersion = 14.0.23107.0
MinimumVisualStudioVersion = 10.0.40219.1
Project("{FAE04EC0-301F-11D3-BF4B-00C04F79EFBC}") = "Tofi9.FetchXml", "Tofi9.FetchXml\Tofi9.FetchXml.csproj", "{09E66BF7-5A55-45E4-AB0A-9D303217448D}"
EndProject
Project("{FAE04EC0-301F-11D3-BF4B-00C04F79EFBC}") = "Tofi9.FetchXml.Tests", "Tofi9.FetchXml.Tests\Tofi9.FetchXml.Tests.csproj", "{05F6E5C6-C25D-4958-A6C7-4C4E1165AC51}"
EndProject
Global
	GlobalSection(SolutionConfigurationPlatforms) = preSolution
		Debug|Any CPU = Debug|Any CPU
		Release|Any CPU = Release|Any CPU
	EndGlobalSection
	GlobalSection(ProjectConfigurationPlatforms) = postSolution
		{09E66BF7-5A55-45E4-AB0A-9D303217448D}.Debug|Any CPU.ActiveCfg = Debug|Any CPU
		{09E66BF7-5A55-45E4-AB0A-9D303217448D}.Debug|Any CPU.Build.0 = Debug|Any CPU
		{09E66BF7-5A55-45E4-AB0A-9D303217448D}.Release|Any CPU.ActiveCfg = Release|Any CPU
		{09E66BF7-5A55-45E4-AB0A-9D303217448D}.Release|Any CPU.Build.0 = Release|Any CPU
		{05F6E5C6-C25D-4958-A6C7-4C4E1165AC51}.Debug|Any CPU.ActiveCfg = Debug|Any CPU
		{05F6E5C6-C25D-4958-A6C7-4C4E1165AC51}.Debug|Any CPU.Build.0 = Debug|Any CPU
		{05F6E5C6-C25D-4958-A6C7-4C4E1165AC51}.Release|Any CPU.ActiveCfg = Release|Any CPU
		{05F6E5C6-C25D-4958-A6C7-4C4E1165AC51}.Release|Any CPU.Build.0 = Release|Any CPU
	EndGlobalSection
	GlobalSection(SolutionProperties) = preSolution
		HideSolutionNode = FALSE
	EndGlobalSection
EndGlobal
